
Microsoft Visual Studio Solution File, Format Version 12.00
# Visual Studio Version 17
VisualStudioVersion = 17.7.34031.279
MinimumVisualStudioVersion = 10.0.40219.1
Project("{FAE04EC0-301F-11D3-BF4B-00C04F79EFBC}") = "LibraryManagement", "LibraryManagement\LibraryManagement.csproj", "{21DA0314-96B7-4FCD-80D8-0F4C9158C02E}"
EndProject
Global
	GlobalSection(SolutionConfigurationPlatforms) = preSolution
		Debug|Any CPU = Debug|Any CPU
		Release|Any CPU = Release|Any CPU
	EndGlobalSection
	GlobalSection(ProjectConfigurationPlatforms) = postSolution
		{21DA0314-96B7-4FCD-80D8-0F4C9158C02E}.Debug|Any CPU.ActiveCfg = Debug|Any CPU
		{21DA0314-96B7-4FCD-80D8-0F4C9158C02E}.Debug|Any CPU.Build.0 = Debug|Any CPU
		{21DA0314-96B7-4FCD-80D8-0F4C9158C02E}.Release|Any CPU.ActiveCfg = Release|Any CPU
		{21DA0314-96B7-4FCD-80D8-0F4C9158C02E}.Release|Any CPU.Build.0 = Release|Any CPU
	EndGlobalSection
	GlobalSection(SolutionProperties) = preSolution
		HideSolutionNode = FALSE
	EndGlobalSection
	GlobalSection(ExtensibilityGlobals) = postSolution
		SolutionGuid = {5E3CE7C5-AFC5-4FA1-862E-A96E44F2D19D}
	EndGlobalSection
EndGlobal
